// !$*UTF8*$!
{
	archiveVersion = 1;
	classes = {
	};
	objectVersion = 50;
	objects = {

/* Begin PBXBuildFile section */
		DE4187D724A10ABC004ECA54 /* AppDelegate.swift in Sources */ = {isa = PBXBuildFile; fileRef = DE4187D624A10ABC004ECA54 /* AppDelegate.swift */; };
		DE4187D924A10ABC004ECA54 /* SceneDelegate.swift in Sources */ = {isa = PBXBuildFile; fileRef = DE4187D824A10ABC004ECA54 /* SceneDelegate.swift */; };
		DE4187DB24A10ABC004ECA54 /* ViewController.swift in Sources */ = {isa = PBXBuildFile; fileRef = DE4187DA24A10ABC004ECA54 /* ViewController.swift */; };
		DE4187DE24A10ABC004ECA54 /* Main.storyboard in Resources */ = {isa = PBXBuildFile; fileRef = DE4187DC24A10ABC004ECA54 /* Main.storyboard */; };
		DE4187E024A10AC0004ECA54 /* Assets.xcassets in Resources */ = {isa = PBXBuildFile; fileRef = DE4187DF24A10AC0004ECA54 /* Assets.xcassets */; };
		DE4187E324A10AC0004ECA54 /* LaunchScreen.storyboard in Resources */ = {isa = PBXBuildFile; fileRef = DE4187E124A10AC0004ECA54 /* LaunchScreen.storyboard */; };
		DE4187EE24A10AC0004ECA54 /* FunSwitch_TestTests.swift in Sources */ = {isa = PBXBuildFile; fileRef = DE4187ED24A10AC0004ECA54 /* FunSwitch_TestTests.swift */; };
		DE4187F924A10AC0004ECA54 /* FunSwitch_TestUITests.swift in Sources */ = {isa = PBXBuildFile; fileRef = DE4187F824A10AC0004ECA54 /* FunSwitch_TestUITests.swift */; };
		DE41880724A10F73004ECA54 /* ResultVC.swift in Sources */ = {isa = PBXBuildFile; fileRef = DE41880624A10F73004ECA54 /* ResultVC.swift */; };
		DE41880A24A110EF004ECA54 /* SwiftExt.swift in Sources */ = {isa = PBXBuildFile; fileRef = DE41880924A110EF004ECA54 /* SwiftExt.swift */; };
		DE41881524A11384004ECA54 /* DialogLoaderViewController.xib in Resources */ = {isa = PBXBuildFile; fileRef = DE41880C24A11383004ECA54 /* DialogLoaderViewController.xib */; };
		DE41881724A11384004ECA54 /* DialogLoaderViewController.swift in Sources */ = {isa = PBXBuildFile; fileRef = DE41880E24A11383004ECA54 /* DialogLoaderViewController.swift */; };
		DE41881F24A120D0004ECA54 /* Toast.swift in Sources */ = {isa = PBXBuildFile; fileRef = DE41881E24A120D0004ECA54 /* Toast.swift */; };
		DE41882324A13304004ECA54 /* SettingVC.swift in Sources */ = {isa = PBXBuildFile; fileRef = DE41882124A13304004ECA54 /* SettingVC.swift */; };
		DE41882424A13304004ECA54 /* SettingVC.xib in Resources */ = {isa = PBXBuildFile; fileRef = DE41882224A13304004ECA54 /* SettingVC.xib */; };
		DE41882624A1353D004ECA54 /* UserDefaultsManager.swift in Sources */ = {isa = PBXBuildFile; fileRef = DE41882524A1353D004ECA54 /* UserDefaultsManager.swift */; };
/* End PBXBuildFile section */

/* Begin PBXContainerItemProxy section */
		DE4187EA24A10AC0004ECA54 /* PBXContainerItemProxy */ = {
			isa = PBXContainerItemProxy;
			containerPortal = DE4187CB24A10ABC004ECA54 /* Project object */;
			proxyType = 1;
			remoteGlobalIDString = DE4187D224A10ABC004ECA54;
			remoteInfo = "FunSwitch Test";
		};
		DE4187F524A10AC0004ECA54 /* PBXContainerItemProxy */ = {
			isa = PBXContainerItemProxy;
			containerPortal = DE4187CB24A10ABC004ECA54 /* Project object */;
			proxyType = 1;
			remoteGlobalIDString = DE4187D224A10ABC004ECA54;
			remoteInfo = "FunSwitch Test";
		};
/* End PBXContainerItemProxy section */

/* Begin PBXFileReference section */
		DE4187D324A10ABC004ECA54 /* FunSwitch Test.app */ = {isa = PBXFileReference; explicitFileType = wrapper.application; includeInIndex = 0; path = "FunSwitch Test.app"; sourceTree = BUILT_PRODUCTS_DIR; };
		DE4187D624A10ABC004ECA54 /* AppDelegate.swift */ = {isa = PBXFileReference; lastKnownFileType = sourcecode.swift; path = AppDelegate.swift; sourceTree = "<group>"; };
		DE4187D824A10ABC004ECA54 /* SceneDelegate.swift */ = {isa = PBXFileReference; lastKnownFileType = sourcecode.swift; path = SceneDelegate.swift; sourceTree = "<group>"; };
		DE4187DA24A10ABC004ECA54 /* ViewController.swift */ = {isa = PBXFileReference; lastKnownFileType = sourcecode.swift; path = ViewController.swift; sourceTree = "<group>"; };
		DE4187DD24A10ABC004ECA54 /* Base */ = {isa = PBXFileReference; lastKnownFileType = file.storyboard; name = Base; path = Base.lproj/Main.storyboard; sourceTree = "<group>"; };
		DE4187DF24A10AC0004ECA54 /* Assets.xcassets */ = {isa = PBXFileReference; lastKnownFileType = folder.assetcatalog; path = Assets.xcassets; sourceTree = "<group>"; };
		DE4187E224A10AC0004ECA54 /* Base */ = {isa = PBXFileReference; lastKnownFileType = file.storyboard; name = Base; path = Base.lproj/LaunchScreen.storyboard; sourceTree = "<group>"; };
		DE4187E424A10AC0004ECA54 /* Info.plist */ = {isa = PBXFileReference; lastKnownFileType = text.plist.xml; path = Info.plist; sourceTree = "<group>"; };
		DE4187E924A10AC0004ECA54 /* FunSwitch TestTests.xctest */ = {isa = PBXFileReference; explicitFileType = wrapper.cfbundle; includeInIndex = 0; path = "FunSwitch TestTests.xctest"; sourceTree = BUILT_PRODUCTS_DIR; };
		DE4187ED24A10AC0004ECA54 /* FunSwitch_TestTests.swift */ = {isa = PBXFileReference; lastKnownFileType = sourcecode.swift; path = FunSwitch_TestTests.swift; sourceTree = "<group>"; };
		DE4187EF24A10AC0004ECA54 /* Info.plist */ = {isa = PBXFileReference; lastKnownFileType = text.plist.xml; path = Info.plist; sourceTree = "<group>"; };
		DE4187F424A10AC0004ECA54 /* FunSwitch TestUITests.xctest */ = {isa = PBXFileReference; explicitFileType = wrapper.cfbundle; includeInIndex = 0; path = "FunSwitch TestUITests.xctest"; sourceTree = BUILT_PRODUCTS_DIR; };
		DE4187F824A10AC0004ECA54 /* FunSwitch_TestUITests.swift */ = {isa = PBXFileReference; lastKnownFileType = sourcecode.swift; path = FunSwitch_TestUITests.swift; sourceTree = "<group>"; };
		DE4187FA24A10AC0004ECA54 /* Info.plist */ = {isa = PBXFileReference; lastKnownFileType = text.plist.xml; path = Info.plist; sourceTree = "<group>"; };
		DE41880624A10F73004ECA54 /* ResultVC.swift */ = {isa = PBXFileReference; lastKnownFileType = sourcecode.swift; path = ResultVC.swift; sourceTree = "<group>"; };
		DE41880924A110EF004ECA54 /* SwiftExt.swift */ = {isa = PBXFileReference; lastKnownFileType = sourcecode.swift; path = SwiftExt.swift; sourceTree = "<group>"; };
		DE41880C24A11383004ECA54 /* DialogLoaderViewController.xib */ = {isa = PBXFileReference; fileEncoding = 4; lastKnownFileType = file.xib; path = DialogLoaderViewController.xib; sourceTree = "<group>"; };
		DE41880E24A11383004ECA54 /* DialogLoaderViewController.swift */ = {isa = PBXFileReference; fileEncoding = 4; lastKnownFileType = sourcecode.swift; path = DialogLoaderViewController.swift; sourceTree = "<group>"; };
		DE41881E24A120D0004ECA54 /* Toast.swift */ = {isa = PBXFileReference; fileEncoding = 4; lastKnownFileType = sourcecode.swift; path = Toast.swift; sourceTree = "<group>"; };
		DE41882124A13304004ECA54 /* SettingVC.swift */ = {isa = PBXFileReference; lastKnownFileType = sourcecode.swift; path = SettingVC.swift; sourceTree = "<group>"; };
		DE41882224A13304004ECA54 /* SettingVC.xib */ = {isa = PBXFileReference; lastKnownFileType = file.xib; path = SettingVC.xib; sourceTree = "<group>"; };
		DE41882524A1353D004ECA54 /* UserDefaultsManager.swift */ = {isa = PBXFileReference; fileEncoding = 4; lastKnownFileType = sourcecode.swift; path = UserDefaultsManager.swift; sourceTree = "<group>"; };
/* End PBXFileReference section */

/* Begin PBXFrameworksBuildPhase section */
		DE4187D024A10ABC004ECA54 /* Frameworks */ = {
			isa = PBXFrameworksBuildPhase;
			buildActionMask = 2147483647;
			files = (
			);
			runOnlyForDeploymentPostprocessing = 0;
		};
		DE4187E624A10AC0004ECA54 /* Frameworks */ = {
			isa = PBXFrameworksBuildPhase;
			buildActionMask = 2147483647;
			files = (
			);
			runOnlyForDeploymentPostprocessing = 0;
		};
		DE4187F124A10AC0004ECA54 /* Frameworks */ = {
			isa = PBXFrameworksBuildPhase;
			buildActionMask = 2147483647;
			files = (
			);
			runOnlyForDeploymentPostprocessing = 0;
		};
/* End PBXFrameworksBuildPhase section */

/* Begin PBXGroup section */
		DE4187CA24A10ABC004ECA54 = {
			isa = PBXGroup;
			children = (
				DE4187D524A10ABC004ECA54 /* FunSwitch Test */,
				DE4187EC24A10AC0004ECA54 /* FunSwitch TestTests */,
				DE4187F724A10AC0004ECA54 /* FunSwitch TestUITests */,
				DE4187D424A10ABC004ECA54 /* Products */,
			);
			sourceTree = "<group>";
		};
		DE4187D424A10ABC004ECA54 /* Products */ = {
			isa = PBXGroup;
			children = (
				DE4187D324A10ABC004ECA54 /* FunSwitch Test.app */,
				DE4187E924A10AC0004ECA54 /* FunSwitch TestTests.xctest */,
				DE4187F424A10AC0004ECA54 /* FunSwitch TestUITests.xctest */,
			);
			name = Products;
			sourceTree = "<group>";
		};
		DE4187D524A10ABC004ECA54 /* FunSwitch Test */ = {
			isa = PBXGroup;
			children = (
				DE41882024A120ED004ECA54 /* Controllers */,
				DE41880B24A11383004ECA54 /* LoaderViewController */,
				DE41880824A110BD004ECA54 /* Extensions */,
				DE4187D624A10ABC004ECA54 /* AppDelegate.swift */,
				DE4187D824A10ABC004ECA54 /* SceneDelegate.swift */,
				DE4187DC24A10ABC004ECA54 /* Main.storyboard */,
				DE4187DF24A10AC0004ECA54 /* Assets.xcassets */,
				DE4187E124A10AC0004ECA54 /* LaunchScreen.storyboard */,
				DE4187E424A10AC0004ECA54 /* Info.plist */,
			);
			path = "FunSwitch Test";
			sourceTree = "<group>";
		};
		DE4187EC24A10AC0004ECA54 /* FunSwitch TestTests */ = {
			isa = PBXGroup;
			children = (
				DE4187ED24A10AC0004ECA54 /* FunSwitch_TestTests.swift */,
				DE4187EF24A10AC0004ECA54 /* Info.plist */,
			);
			path = "FunSwitch TestTests";
			sourceTree = "<group>";
		};
		DE4187F724A10AC0004ECA54 /* FunSwitch TestUITests */ = {
			isa = PBXGroup;
			children = (
				DE4187F824A10AC0004ECA54 /* FunSwitch_TestUITests.swift */,
				DE4187FA24A10AC0004ECA54 /* Info.plist */,
			);
			path = "FunSwitch TestUITests";
			sourceTree = "<group>";
		};
		DE41880824A110BD004ECA54 /* Extensions */ = {
			isa = PBXGroup;
			children = (
				DE41882524A1353D004ECA54 /* UserDefaultsManager.swift */,
				DE41881E24A120D0004ECA54 /* Toast.swift */,
				DE41880924A110EF004ECA54 /* SwiftExt.swift */,
			);
			path = Extensions;
			sourceTree = "<group>";
		};
		DE41880B24A11383004ECA54 /* LoaderViewController */ = {
			isa = PBXGroup;
			children = (
				DE41880C24A11383004ECA54 /* DialogLoaderViewController.xib */,
				DE41880E24A11383004ECA54 /* DialogLoaderViewController.swift */,
			);
			path = LoaderViewController;
			sourceTree = "<group>";
		};
		DE41882024A120ED004ECA54 /* Controllers */ = {
			isa = PBXGroup;
			children = (
				DE4187DA24A10ABC004ECA54 /* ViewController.swift */,
				DE41880624A10F73004ECA54 /* ResultVC.swift */,
				DE41882124A13304004ECA54 /* SettingVC.swift */,
				DE41882224A13304004ECA54 /* SettingVC.xib */,
			);
			path = Controllers;
			sourceTree = "<group>";
		};
/* End PBXGroup section */

/* Begin PBXNativeTarget section */
		DE4187D224A10ABC004ECA54 /* FunSwitch Test */ = {
			isa = PBXNativeTarget;
			buildConfigurationList = DE4187FD24A10AC0004ECA54 /* Build configuration list for PBXNativeTarget "FunSwitch Test" */;
			buildPhases = (
				DE4187CF24A10ABC004ECA54 /* Sources */,
				DE4187D024A10ABC004ECA54 /* Frameworks */,
				DE4187D124A10ABC004ECA54 /* Resources */,
			);
			buildRules = (
			);
			dependencies = (
			);
			name = "FunSwitch Test";
			productName = "FunSwitch Test";
			productReference = DE4187D324A10ABC004ECA54 /* FunSwitch Test.app */;
			productType = "com.apple.product-type.application";
		};
		DE4187E824A10AC0004ECA54 /* FunSwitch TestTests */ = {
			isa = PBXNativeTarget;
			buildConfigurationList = DE41880024A10AC0004ECA54 /* Build configuration list for PBXNativeTarget "FunSwitch TestTests" */;
			buildPhases = (
				DE4187E524A10AC0004ECA54 /* Sources */,
				DE4187E624A10AC0004ECA54 /* Frameworks */,
				DE4187E724A10AC0004ECA54 /* Resources */,
			);
			buildRules = (
			);
			dependencies = (
				DE4187EB24A10AC0004ECA54 /* PBXTargetDependency */,
			);
			name = "FunSwitch TestTests";
			productName = "FunSwitch TestTests";
			productReference = DE4187E924A10AC0004ECA54 /* FunSwitch TestTests.xctest */;
			productType = "com.apple.product-type.bundle.unit-test";
		};
		DE4187F324A10AC0004ECA54 /* FunSwitch TestUITests */ = {
			isa = PBXNativeTarget;
			buildConfigurationList = DE41880324A10AC0004ECA54 /* Build configuration list for PBXNativeTarget "FunSwitch TestUITests" */;
			buildPhases = (
				DE4187F024A10AC0004ECA54 /* Sources */,
				DE4187F124A10AC0004ECA54 /* Frameworks */,
				DE4187F224A10AC0004ECA54 /* Resources */,
			);
			buildRules = (
			);
			dependencies = (
				DE4187F624A10AC0004ECA54 /* PBXTargetDependency */,
			);
			name = "FunSwitch TestUITests";
			productName = "FunSwitch TestUITests";
			productReference = DE4187F424A10AC0004ECA54 /* FunSwitch TestUITests.xctest */;
			productType = "com.apple.product-type.bundle.ui-testing";
		};
/* End PBXNativeTarget section */

/* Begin PBXProject section */
		DE4187CB24A10ABC004ECA54 /* Project object */ = {
			isa = PBXProject;
			attributes = {
				LastSwiftUpdateCheck = 1120;
				LastUpgradeCheck = 1120;
				ORGANIZATIONNAME = mackbook;
				TargetAttributes = {
					DE4187D224A10ABC004ECA54 = {
						CreatedOnToolsVersion = 11.2.1;
					};
					DE4187E824A10AC0004ECA54 = {
						CreatedOnToolsVersion = 11.2.1;
						TestTargetID = DE4187D224A10ABC004ECA54;
					};
					DE4187F324A10AC0004ECA54 = {
						CreatedOnToolsVersion = 11.2.1;
						TestTargetID = DE4187D224A10ABC004ECA54;
					};
				};
			};
			buildConfigurationList = DE4187CE24A10ABC004ECA54 /* Build configuration list for PBXProject "FunSwitch Test" */;
			compatibilityVersion = "Xcode 9.3";
			developmentRegion = en;
			hasScannedForEncodings = 0;
			knownRegions = (
				en,
				Base,
			);
			mainGroup = DE4187CA24A10ABC004ECA54;
			productRefGroup = DE4187D424A10ABC004ECA54 /* Products */;
			projectDirPath = "";
			projectRoot = "";
			targets = (
				DE4187D224A10ABC004ECA54 /* FunSwitch Test */,
				DE4187E824A10AC0004ECA54 /* FunSwitch TestTests */,
				DE4187F324A10AC0004ECA54 /* FunSwitch TestUITests */,
			);
		};
/* End PBXProject section */

/* Begin PBXResourcesBuildPhase section */
		DE4187D124A10ABC004ECA54 /* Resources */ = {
			isa = PBXResourcesBuildPhase;
			buildActionMask = 2147483647;
			files = (
				DE4187E324A10AC0004ECA54 /* LaunchScreen.storyboard in Resources */,
				DE41881524A11384004ECA54 /* DialogLoaderViewController.xib in Resources */,
				DE4187E024A10AC0004ECA54 /* Assets.xcassets in Resources */,
				DE41882424A13304004ECA54 /* SettingVC.xib in Resources */,
				DE4187DE24A10ABC004ECA54 /* Main.storyboard in Resources */,
			);
			runOnlyForDeploymentPostprocessing = 0;
		};
		DE4187E724A10AC0004ECA54 /* Resources */ = {
			isa = PBXResourcesBuildPhase;
			buildActionMask = 2147483647;
			files = (
			);
			runOnlyForDeploymentPostprocessing = 0;
		};
		DE4187F224A10AC0004ECA54 /* Resources */ = {
			isa = PBXResourcesBuildPhase;
			buildActionMask = 2147483647;
			files = (
			);
			runOnlyForDeploymentPostprocessing = 0;
		};
/* End PBXResourcesBuildPhase section */

/* Begin PBXSourcesBuildPhase section */
		DE4187CF24A10ABC004ECA54 /* Sources */ = {
			isa = PBXSourcesBuildPhase;
			buildActionMask = 2147483647;
			files = (
				DE4187DB24A10ABC004ECA54 /* ViewController.swift in Sources */,
				DE41882324A13304004ECA54 /* SettingVC.swift in Sources */,
				DE41880724A10F73004ECA54 /* ResultVC.swift in Sources */,
				DE41881724A11384004ECA54 /* DialogLoaderViewController.swift in Sources */,
				DE41880A24A110EF004ECA54 /* SwiftExt.swift in Sources */,
				DE41882624A1353D004ECA54 /* UserDefaultsManager.swift in Sources */,
				DE4187D724A10ABC004ECA54 /* AppDelegate.swift in Sources */,
				DE4187D924A10ABC004ECA54 /* SceneDelegate.swift in Sources */,
				DE41881F24A120D0004ECA54 /* Toast.swift in Sources */,
			);
			runOnlyForDeploymentPostprocessing = 0;
		};
		DE4187E524A10AC0004ECA54 /* Sources */ = {
			isa = PBXSourcesBuildPhase;
			buildActionMask = 2147483647;
			files = (
				DE4187EE24A10AC0004ECA54 /* FunSwitch_TestTests.swift in Sources */,
			);
			runOnlyForDeploymentPostprocessing = 0;
		};
		DE4187F024A10AC0004ECA54 /* Sources */ = {
			isa = PBXSourcesBuildPhase;
			buildActionMask = 2147483647;
			files = (
				DE4187F924A10AC0004ECA54 /* FunSwitch_TestUITests.swift in Sources */,
			);
			runOnlyForDeploymentPostprocessing = 0;
		};
/* End PBXSourcesBuildPhase section */

/* Begin PBXTargetDependency section */
		DE4187EB24A10AC0004ECA54 /* PBXTargetDependency */ = {
			isa = PBXTargetDependency;
			target = DE4187D224A10ABC004ECA54 /* FunSwitch Test */;
			targetProxy = DE4187EA24A10AC0004ECA54 /* PBXContainerItemProxy */;
		};
		DE4187F624A10AC0004ECA54 /* PBXTargetDependency */ = {
			isa = PBXTargetDependency;
			target = DE4187D224A10ABC004ECA54 /* FunSwitch Test */;
			targetProxy = DE4187F524A10AC0004ECA54 /* PBXContainerItemProxy */;
		};
/* End PBXTargetDependency section */

/* Begin PBXVariantGroup section */
		DE4187DC24A10ABC004ECA54 /* Main.storyboard */ = {
			isa = PBXVariantGroup;
			children = (
				DE4187DD24A10ABC004ECA54 /* Base */,
			);
			name = Main.storyboard;
			sourceTree = "<group>";
		};
		DE4187E124A10AC0004ECA54 /* LaunchScreen.storyboard */ = {
			isa = PBXVariantGroup;
			children = (
				DE4187E224A10AC0004ECA54 /* Base */,
			);
			name = LaunchScreen.storyboard;
			sourceTree = "<group>";
		};
/* End PBXVariantGroup section */

/* Begin XCBuildConfiguration section */
		DE4187FB24A10AC0004ECA54 /* Debug */ = {
			isa = XCBuildConfiguration;
			buildSettings = {
				ALWAYS_SEARCH_USER_PATHS = NO;
				CLANG_ANALYZER_NONNULL = YES;
				CLANG_ANALYZER_NUMBER_OBJECT_CONVERSION = YES_AGGRESSIVE;
				CLANG_CXX_LANGUAGE_STANDARD = "gnu++14";
				CLANG_CXX_LIBRARY = "libc++";
				CLANG_ENABLE_MODULES = YES;
				CLANG_ENABLE_OBJC_ARC = YES;
				CLANG_ENABLE_OBJC_WEAK = YES;
				CLANG_WARN_BLOCK_CAPTURE_AUTORELEASING = YES;
				CLANG_WARN_BOOL_CONVERSION = YES;
				CLANG_WARN_COMMA = YES;
				CLANG_WARN_CONSTANT_CONVERSION = YES;
				CLANG_WARN_DEPRECATED_OBJC_IMPLEMENTATIONS = YES;
				CLANG_WARN_DIRECT_OBJC_ISA_USAGE = YES_ERROR;
				CLANG_WARN_DOCUMENTATION_COMMENTS = YES;
				CLANG_WARN_EMPTY_BODY = YES;
				CLANG_WARN_ENUM_CONVERSION = YES;
				CLANG_WARN_INFINITE_RECURSION = YES;
				CLANG_WARN_INT_CONVERSION = YES;
				CLANG_WARN_NON_LITERAL_NULL_CONVERSION = YES;
				CLANG_WARN_OBJC_IMPLICIT_RETAIN_SELF = YES;
				CLANG_WARN_OBJC_LITERAL_CONVERSION = YES;
				CLANG_WARN_OBJC_ROOT_CLASS = YES_ERROR;
				CLANG_WARN_RANGE_LOOP_ANALYSIS = YES;
				CLANG_WARN_STRICT_PROTOTYPES = YES;
				CLANG_WARN_SUSPICIOUS_MOVE = YES;
				CLANG_WARN_UNGUARDED_AVAILABILITY = YES_AGGRESSIVE;
				CLANG_WARN_UNREACHABLE_CODE = YES;
				CLANG_WARN__DUPLICATE_METHOD_MATCH = YES;
				COPY_PHASE_STRIP = NO;
				DEBUG_INFORMATION_FORMAT = dwarf;
				ENABLE_STRICT_OBJC_MSGSEND = YES;
				ENABLE_TESTABILITY = YES;
				GCC_C_LANGUAGE_STANDARD = gnu11;
				GCC_DYNAMIC_NO_PIC = NO;
				GCC_NO_COMMON_BLOCKS = YES;
				GCC_OPTIMIZATION_LEVEL = 0;
				GCC_PREPROCESSOR_DEFINITIONS = (
					"DEBUG=1",
					"$(inherited)",
				);
				GCC_WARN_64_TO_32_BIT_CONVERSION = YES;
				GCC_WARN_ABOUT_RETURN_TYPE = YES_ERROR;
				GCC_WARN_UNDECLARED_SELECTOR = YES;
				GCC_WARN_UNINITIALIZED_AUTOS = YES_AGGRESSIVE;
				GCC_WARN_UNUSED_FUNCTION = YES;
				GCC_WARN_UNUSED_VARIABLE = YES;
				IPHONEOS_DEPLOYMENT_TARGET = 13.2;
				MTL_ENABLE_DEBUG_INFO = INCLUDE_SOURCE;
				MTL_FAST_MATH = YES;
				ONLY_ACTIVE_ARCH = YES;
				SDKROOT = iphoneos;
				SWIFT_ACTIVE_COMPILATION_CONDITIONS = DEBUG;
				SWIFT_OPTIMIZATION_LEVEL = "-Onone";
			};
			name = Debug;
		};
		DE4187FC24A10AC0004ECA54 /* Release */ = {
			isa = XCBuildConfiguration;
			buildSettings = {
				ALWAYS_SEARCH_USER_PATHS = NO;
				CLANG_ANALYZER_NONNULL = YES;
				CLANG_ANALYZER_NUMBER_OBJECT_CONVERSION = YES_AGGRESSIVE;
				CLANG_CXX_LANGUAGE_STANDARD = "gnu++14";
				CLANG_CXX_LIBRARY = "libc++";
				CLANG_ENABLE_MODULES = YES;
				CLANG_ENABLE_OBJC_ARC = YES;
				CLANG_ENABLE_OBJC_WEAK = YES;
				CLANG_WARN_BLOCK_CAPTURE_AUTORELEASING = YES;
				CLANG_WARN_BOOL_CONVERSION = YES;
				CLANG_WARN_COMMA = YES;
				CLANG_WARN_CONSTANT_CONVERSION = YES;
				CLANG_WARN_DEPRECATED_OBJC_IMPLEMENTATIONS = YES;
				CLANG_WARN_DIRECT_OBJC_ISA_USAGE = YES_ERROR;
				CLANG_WARN_DOCUMENTATION_COMMENTS = YES;
				CLANG_WARN_EMPTY_BODY = YES;
				CLANG_WARN_ENUM_CONVERSION = YES;
				CLANG_WARN_INFINITE_RECURSION = YES;
				CLANG_WARN_INT_CONVERSION = YES;
				CLANG_WARN_NON_LITERAL_NULL_CONVERSION = YES;
				CLANG_WARN_OBJC_IMPLICIT_RETAIN_SELF = YES;
				CLANG_WARN_OBJC_LITERAL_CONVERSION = YES;
				CLANG_WARN_OBJC_ROOT_CLASS = YES_ERROR;
				CLANG_WARN_RANGE_LOOP_ANALYSIS = YES;
				CLANG_WARN_STRICT_PROTOTYPES = YES;
				CLANG_WARN_SUSPICIOUS_MOVE = YES;
				CLANG_WARN_UNGUARDED_AVAILABILITY = YES_AGGRESSIVE;
				CLANG_WARN_UNREACHABLE_CODE = YES;
				CLANG_WARN__DUPLICATE_METHOD_MATCH = YES;
				COPY_PHASE_STRIP = NO;
				DEBUG_INFORMATION_FORMAT = "dwarf-with-dsym";
				ENABLE_NS_ASSERTIONS = NO;
				ENABLE_STRICT_OBJC_MSGSEND = YES;
				GCC_C_LANGUAGE_STANDARD = gnu11;
				GCC_NO_COMMON_BLOCKS = YES;
				GCC_WARN_64_TO_32_BIT_CONVERSION = YES;
				GCC_WARN_ABOUT_RETURN_TYPE = YES_ERROR;
				GCC_WARN_UNDECLARED_SELECTOR = YES;
				GCC_WARN_UNINITIALIZED_AUTOS = YES_AGGRESSIVE;
				GCC_WARN_UNUSED_FUNCTION = YES;
				GCC_WARN_UNUSED_VARIABLE = YES;
				IPHONEOS_DEPLOYMENT_TARGET = 13.2;
				MTL_ENABLE_DEBUG_INFO = NO;
				MTL_FAST_MATH = YES;
				SDKROOT = iphoneos;
				SWIFT_COMPILATION_MODE = wholemodule;
				SWIFT_OPTIMIZATION_LEVEL = "-O";
				VALIDATE_PRODUCT = YES;
			};
			name = Release;
		};
		DE4187FE24A10AC0004ECA54 /* Debug */ = {
			isa = XCBuildConfiguration;
			buildSettings = {
				ASSETCATALOG_COMPILER_APPICON_NAME = AppIcon;
				CODE_SIGN_STYLE = Automatic;
				DEVELOPMENT_TEAM = 83XZ7G7GXF;
				INFOPLIST_FILE = "FunSwitch Test/Info.plist";
				LD_RUNPATH_SEARCH_PATHS = (
					"$(inherited)",
					"@executable_path/Frameworks",
				);
				PRODUCT_BUNDLE_IDENTIFIER = "com.mackbook.TestApp.FunSwitch-Test";
				PRODUCT_NAME = "$(TARGET_NAME)";
				SWIFT_VERSION = 5.0;
				TARGETED_DEVICE_FAMILY = "1,2";
			};
			name = Debug;
		};
		DE4187FF24A10AC0004ECA54 /* Release */ = {
			isa = XCBuildConfiguration;
			buildSettings = {
				ASSETCATALOG_COMPILER_APPICON_NAME = AppIcon;
				CODE_SIGN_STYLE = Automatic;
				DEVELOPMENT_TEAM = 83XZ7G7GXF;
				INFOPLIST_FILE = "FunSwitch Test/Info.plist";
				LD_RUNPATH_SEARCH_PATHS = (
					"$(inherited)",
					"@executable_path/Frameworks",
				);
				PRODUCT_BUNDLE_IDENTIFIER = "com.mackbook.TestApp.FunSwitch-Test";
				PRODUCT_NAME = "$(TARGET_NAME)";
				SWIFT_VERSION = 5.0;
				TARGETED_DEVICE_FAMILY = "1,2";
			};
			name = Release;
		};
		DE41880124A10AC0004ECA54 /* Debug */ = {
			isa = XCBuildConfiguration;
			buildSettings = {
				ALWAYS_EMBED_SWIFT_STANDARD_LIBRARIES = YES;
				BUNDLE_LOADER = "$(TEST_HOST)";
				CODE_SIGN_STYLE = Automatic;
				DEVELOPMENT_TEAM = 83XZ7G7GXF;
				INFOPLIST_FILE = "FunSwitch TestTests/Info.plist";
				IPHONEOS_DEPLOYMENT_TARGET = 13.2;
				LD_RUNPATH_SEARCH_PATHS = (
					"$(inherited)",
					"@executable_path/Frameworks",
					"@loader_path/Frameworks",
				);
				PRODUCT_BUNDLE_IDENTIFIER = "com.mackbook.TestApp.FunSwitch-TestTests";
				PRODUCT_NAME = "$(TARGET_NAME)";
				SWIFT_VERSION = 5.0;
				TARGETED_DEVICE_FAMILY = "1,2";
				TEST_HOST = "$(BUILT_PRODUCTS_DIR)/FunSwitch Test.app/FunSwitch Test";
			};
			name = Debug;
		};
		DE41880224A10AC0004ECA54 /* Release */ = {
			isa = XCBuildConfiguration;
			buildSettings = {
				ALWAYS_EMBED_SWIFT_STANDARD_LIBRARIES = YES;
				BUNDLE_LOADER = "$(TEST_HOST)";
				CODE_SIGN_STYLE = Automatic;
				DEVELOPMENT_TEAM = 83XZ7G7GXF;
				INFOPLIST_FILE = "FunSwitch TestTests/Info.plist";
				IPHONEOS_DEPLOYMENT_TARGET = 13.2;
				LD_RUNPATH_SEARCH_PATHS = (
					"$(inherited)",
					"@executable_path/Frameworks",
					"@loader_path/Frameworks",
				);
				PRODUCT_BUNDLE_IDENTIFIER = "com.mackbook.TestApp.FunSwitch-TestTests";
				PRODUCT_NAME = "$(TARGET_NAME)";
				SWIFT_VERSION = 5.0;
				TARGETED_DEVICE_FAMILY = "1,2";
				TEST_HOST = "$(BUILT_PRODUCTS_DIR)/FunSwitch Test.app/FunSwitch Test";
			};
			name = Release;
		};
		DE41880424A10AC0004ECA54 /* Debug */ = {
			isa = XCBuildConfiguration;
			buildSettings = {
				ALWAYS_EMBED_SWIFT_STANDARD_LIBRARIES = YES;
				CODE_SIGN_STYLE = Automatic;
				DEVELOPMENT_TEAM = 83XZ7G7GXF;
				INFOPLIST_FILE = "FunSwitch TestUITests/Info.plist";
				LD_RUNPATH_SEARCH_PATHS = (
					"$(inherited)",
					"@executable_path/Frameworks",
					"@loader_path/Frameworks",
				);
				PRODUCT_BUNDLE_IDENTIFIER = "com.mackbook.TestApp.FunSwitch-TestUITests";
				PRODUCT_NAME = "$(TARGET_NAME)";
				SWIFT_VERSION = 5.0;
				TARGETED_DEVICE_FAMILY = "1,2";
				TEST_TARGET_NAME = "FunSwitch Test";
			};
			name = Debug;
		};
		DE41880524A10AC0004ECA54 /* Release */ = {
			isa = XCBuildConfiguration;
			buildSettings = {
				ALWAYS_EMBED_SWIFT_STANDARD_LIBRARIES = YES;
				CODE_SIGN_STYLE = Automatic;
				DEVELOPMENT_TEAM = 83XZ7G7GXF;
				INFOPLIST_FILE = "FunSwitch TestUITests/Info.plist";
				LD_RUNPATH_SEARCH_PATHS = (
					"$(inherited)",
					"@executable_path/Frameworks",
					"@loader_path/Frameworks",
				);
				PRODUCT_BUNDLE_IDENTIFIER = "com.mackbook.TestApp.FunSwitch-TestUITests";
				PRODUCT_NAME = "$(TARGET_NAME)";
				SWIFT_VERSION = 5.0;
				TARGETED_DEVICE_FAMILY = "1,2";
				TEST_TARGET_NAME = "FunSwitch Test";
			};
			name = Release;
		};
/* End XCBuildConfiguration section */

/* Begin XCConfigurationList section */
		DE4187CE24A10ABC004ECA54 /* Build configuration list for PBXProject "FunSwitch Test" */ = {
			isa = XCConfigurationList;
			buildConfigurations = (
				DE4187FB24A10AC0004ECA54 /* Debug */,
				DE4187FC24A10AC0004ECA54 /* Release */,
			);
			defaultConfigurationIsVisible = 0;
			defaultConfigurationName = Release;
		};
		DE4187FD24A10AC0004ECA54 /* Build configuration list for PBXNativeTarget "FunSwitch Test" */ = {
			isa = XCConfigurationList;
			buildConfigurations = (
				DE4187FE24A10AC0004ECA54 /* Debug */,
				DE4187FF24A10AC0004ECA54 /* Release */,
			);
			defaultConfigurationIsVisible = 0;
			defaultConfigurationName = Release;
		};
		DE41880024A10AC0004ECA54 /* Build configuration list for PBXNativeTarget "FunSwitch TestTests" */ = {
			isa = XCConfigurationList;
			buildConfigurations = (
				DE41880124A10AC0004ECA54 /* Debug */,
				DE41880224A10AC0004ECA54 /* Release */,
			);
			defaultConfigurationIsVisible = 0;
			defaultConfigurationName = Release;
		};
		DE41880324A10AC0004ECA54 /* Build configuration list for PBXNativeTarget "FunSwitch TestUITests" */ = {
			isa = XCConfigurationList;
			buildConfigurations = (
				DE41880424A10AC0004ECA54 /* Debug */,
				DE41880524A10AC0004ECA54 /* Release */,
			);
			defaultConfigurationIsVisible = 0;
			defaultConfigurationName = Release;
		};
/* End XCConfigurationList section */
	};
	rootObject = DE4187CB24A10ABC004ECA54 /* Project object */;
}
